
Microsoft Visual Studio Solution File, Format Version 12.00
# Visual Studio Version 17
VisualStudioVersion = 17.10.34916.146
MinimumVisualStudioVersion = 10.0.40219.1
Project("{9A19103F-16F7-4668-BE54-9A1E7A4F7556}") = "AppToTripV3", "AppToTripV3\AppToTripV3.csproj", "{B4E8572D-5BA6-4AC4-A269-F5DC7750172D}"
EndProject
Global
	GlobalSection(SolutionConfigurationPlatforms) = preSolution
		Debug|Any CPU = Debug|Any CPU
		Release|Any CPU = Release|Any CPU
	EndGlobalSection
	GlobalSection(ProjectConfigurationPlatforms) = postSolution
		{B4E8572D-5BA6-4AC4-A269-F5DC7750172D}.Debug|Any CPU.ActiveCfg = Debug|Any CPU
		{B4E8572D-5BA6-4AC4-A269-F5DC7750172D}.Debug|Any CPU.Build.0 = Debug|Any CPU
		{B4E8572D-5BA6-4AC4-A269-F5DC7750172D}.Debug|Any CPU.Deploy.0 = Debug|Any CPU
		{B4E8572D-5BA6-4AC4-A269-F5DC7750172D}.Release|Any CPU.ActiveCfg = Release|Any CPU
		{B4E8572D-5BA6-4AC4-A269-F5DC7750172D}.Release|Any CPU.Build.0 = Release|Any CPU
		{B4E8572D-5BA6-4AC4-A269-F5DC7750172D}.Release|Any CPU.Deploy.0 = Release|Any CPU
	EndGlobalSection
	GlobalSection(SolutionProperties) = preSolution
		HideSolutionNode = FALSE
	EndGlobalSection
	GlobalSection(ExtensibilityGlobals) = postSolution
		SolutionGuid = {1D19F151-5682-44CB-9431-5182C8B59E4B}
	EndGlobalSection
EndGlobal
